github.com/DazFather/parrbot v0.0.0-20220811104540-d5fc867ad371 h1:MkBDnb185HG1VfaQGYM8WA0XCP+B2kXHT0ZpslyKrbU=
github.com/DazFather/parrbot v0.0.0-20220811104540-d5fc867ad371/go.mod h1:1cbf0Qjn3dXl/4HLc3ffYoff44gOc3gHFxSoe3SErF4=
github.com/NicoNex/echotron/v3 v3.19.0 h1:I63l3czMF2IW3AhtUcQ3sn3lM2LQpxdk9JJJYLZFvYU=
github.com/NicoNex/echotron/v3 v3.19.0/go.mod h1:0PcVrCCcHZx/4XfwbGSkUYgfMkXuehw4xiZpxp1EkDU=
