github.com/DazFather/parrbot v0.0.0-20220812212200-85a4a7023649 h1:CGiXXUTrtKj0JStvygeQfKuS6jSEWvnn15WDET8eojU=
github.com/DazFather/parrbot v0.0.0-20220812212200-85a4a7023649/go.mod h1:1cbf0Qjn3dXl/4HLc3ffYoff44gOc3gHFxSoe3SErF4=
github.com/DazFather/parrbot v0.0.0-20220815093321-a4cd8be2d0fc h1:OukZdT0CkdR4rV3mNVnlgdCy7Tf7NOp2bUtAFl/p6fk=
github.com/DazFather/parrbot v0.0.0-20220815093321-a4cd8be2d0fc/go.mod h1:1cbf0Qjn3dXl/4HLc3ffYoff44gOc3gHFxSoe3SErF4=
github.com/DazFather/parrbot v0.0.0-20220815121300-769054a3503e h1:xINQf1BksWMQx4aqb2dF5J80xKcmYjv19B8GdU4aamk=
github.com/DazFather/parrbot v0.0.0-20220815121300-769054a3503e/go.mod h1:1cbf0Qjn3dXl/4HLc3ffYoff44gOc3gHFxSoe3SErF4=
github.com/NicoNex/echotron/v3 v3.19.0 h1:I63l3czMF2IW3AhtUcQ3sn3lM2LQpxdk9JJJYLZFvYU=
github.com/NicoNex/echotron/v3 v3.19.0/go.mod h1:0PcVrCCcHZx/4XfwbGSkUYgfMkXuehw4xiZpxp1EkDU=
